
Microsoft Visual Studio Solution File, Format Version 12.00
# Visual Studio Version 16
VisualStudioVersion = 16.0.34301.259
MinimumVisualStudioVersion = 10.0.40219.1
Project("{FAE04EC0-301F-11D3-BF4B-00C04F79EFBC}") = "ProductManagement", "ProductManagement\ProductManagement.csproj", "{EFF32421-F3AA-48BD-8722-6CB9E50E036C}"
EndProject
Global
	GlobalSection(SolutionConfigurationPlatforms) = preSolution
		Debug|Any CPU = Debug|Any CPU
		Release|Any CPU = Release|Any CPU
	EndGlobalSection
	GlobalSection(ProjectConfigurationPlatforms) = postSolution
		{EFF32421-F3AA-48BD-8722-6CB9E50E036C}.Debug|Any CPU.ActiveCfg = Debug|Any CPU
		{EFF32421-F3AA-48BD-8722-6CB9E50E036C}.Debug|Any CPU.Build.0 = Debug|Any CPU
		{EFF32421-F3AA-48BD-8722-6CB9E50E036C}.Release|Any CPU.ActiveCfg = Release|Any CPU
		{EFF32421-F3AA-48BD-8722-6CB9E50E036C}.Release|Any CPU.Build.0 = Release|Any CPU
	EndGlobalSection
	GlobalSection(SolutionProperties) = preSolution
		HideSolutionNode = FALSE
	EndGlobalSection
	GlobalSection(ExtensibilityGlobals) = postSolution
		SolutionGuid = {FAE106DE-5A3C-4A9B-BBE4-901314269C7A}
	EndGlobalSection
EndGlobal
